
Microsoft Visual Studio Solution File, Format Version 12.00
# Visual Studio Version 17
VisualStudioVersion = 17.2.32526.322
MinimumVisualStudioVersion = 10.0.40219.1
Project("{9A19103F-16F7-4668-BE54-9A1E7A4F7556}") = "What2Watch.Services", "What2Whatch.Services\What2Watch.Services.csproj", "{7F9B737F-6CF7-410C-9A90-3A514E7B7FD4}"
EndProject
Project("{9A19103F-16F7-4668-BE54-9A1E7A4F7556}") = "What2Watch.Models", "What2Watch.Models\What2Watch.Models.csproj", "{6D1D7266-7845-41C4-A68E-3F7DC1CC89E3}"
EndProject
Project("{9A19103F-16F7-4668-BE54-9A1E7A4F7556}") = "What2Watch.Web", "What2Watch.Web\What2Watch.Web.csproj", "{E5D39426-6390-481E-89A7-705954569474}"
EndProject
Project("{9A19103F-16F7-4668-BE54-9A1E7A4F7556}") = "What2Watch.Dal", "What2Watch.Dal\What2Watch.Dal.csproj", "{C02AC370-53C6-43AB-81F7-C171828C77D8}"
EndProject
Project("{FAE04EC0-301F-11D3-BF4B-00C04F79EFBC}") = "What2Watch.Api", "What2Watch.Api\What2Watch.Api.csproj", "{E9185C07-616A-4503-A586-F5CB76DA2357}"
EndProject
Global
	GlobalSection(SolutionConfigurationPlatforms) = preSolution
		Debug|Any CPU = Debug|Any CPU
		Release|Any CPU = Release|Any CPU
	EndGlobalSection
	GlobalSection(ProjectConfigurationPlatforms) = postSolution
		{7F9B737F-6CF7-410C-9A90-3A514E7B7FD4}.Debug|Any CPU.ActiveCfg = Debug|Any CPU
		{7F9B737F-6CF7-410C-9A90-3A514E7B7FD4}.Debug|Any CPU.Build.0 = Debug|Any CPU
		{7F9B737F-6CF7-410C-9A90-3A514E7B7FD4}.Release|Any CPU.ActiveCfg = Release|Any CPU
		{7F9B737F-6CF7-410C-9A90-3A514E7B7FD4}.Release|Any CPU.Build.0 = Release|Any CPU
		{6D1D7266-7845-41C4-A68E-3F7DC1CC89E3}.Debug|Any CPU.ActiveCfg = Debug|Any CPU
		{6D1D7266-7845-41C4-A68E-3F7DC1CC89E3}.Debug|Any CPU.Build.0 = Debug|Any CPU
		{6D1D7266-7845-41C4-A68E-3F7DC1CC89E3}.Release|Any CPU.ActiveCfg = Release|Any CPU
		{6D1D7266-7845-41C4-A68E-3F7DC1CC89E3}.Release|Any CPU.Build.0 = Release|Any CPU
		{E5D39426-6390-481E-89A7-705954569474}.Debug|Any CPU.ActiveCfg = Debug|Any CPU
		{E5D39426-6390-481E-89A7-705954569474}.Debug|Any CPU.Build.0 = Debug|Any CPU
		{E5D39426-6390-481E-89A7-705954569474}.Release|Any CPU.ActiveCfg = Release|Any CPU
		{E5D39426-6390-481E-89A7-705954569474}.Release|Any CPU.Build.0 = Release|Any CPU
		{C02AC370-53C6-43AB-81F7-C171828C77D8}.Debug|Any CPU.ActiveCfg = Debug|Any CPU
		{C02AC370-53C6-43AB-81F7-C171828C77D8}.Debug|Any CPU.Build.0 = Debug|Any CPU
		{C02AC370-53C6-43AB-81F7-C171828C77D8}.Release|Any CPU.ActiveCfg = Release|Any CPU
		{C02AC370-53C6-43AB-81F7-C171828C77D8}.Release|Any CPU.Build.0 = Release|Any CPU
		{E9185C07-616A-4503-A586-F5CB76DA2357}.Debug|Any CPU.ActiveCfg = Debug|Any CPU
		{E9185C07-616A-4503-A586-F5CB76DA2357}.Debug|Any CPU.Build.0 = Debug|Any CPU
		{E9185C07-616A-4503-A586-F5CB76DA2357}.Release|Any CPU.ActiveCfg = Release|Any CPU
		{E9185C07-616A-4503-A586-F5CB76DA2357}.Release|Any CPU.Build.0 = Release|Any CPU
	EndGlobalSection
	GlobalSection(SolutionProperties) = preSolution
		HideSolutionNode = FALSE
	EndGlobalSection
	GlobalSection(ExtensibilityGlobals) = postSolution
		SolutionGuid = {D3E7E395-41C4-4B95-84EF-C05495AF3803}
	EndGlobalSection
EndGlobal
